
Microsoft Visual Studio Solution File, Format Version 12.00
# Visual Studio 2012
Project("{FAE04EC0-301F-11D3-BF4B-00C04F79EFBC}") = "TplSpike", "TplSpike\TplSpike.csproj", "{99E51AC9-A3DF-40B9-890F-41837186798A}"
EndProject
Project("{2150E333-8FDC-42A3-9474-1A3956D46DE8}") = ".nuget", ".nuget", "{40DA4E94-5F61-40C3-8044-197D65FF5295}"
	ProjectSection(SolutionItems) = preProject
		.nuget\NuGet.Config = .nuget\NuGet.Config
		.nuget\NuGet.exe = .nuget\NuGet.exe
		.nuget\NuGet.targets = .nuget\NuGet.targets
	EndProjectSection
EndProject
Global
	GlobalSection(SolutionConfigurationPlatforms) = preSolution
		Debug|Any CPU = Debug|Any CPU
		Release|Any CPU = Release|Any CPU
	EndGlobalSection
	GlobalSection(ProjectConfigurationPlatforms) = postSolution
		{99E51AC9-A3DF-40B9-890F-41837186798A}.Debug|Any CPU.ActiveCfg = Debug|Any CPU
		{99E51AC9-A3DF-40B9-890F-41837186798A}.Debug|Any CPU.Build.0 = Debug|Any CPU
		{99E51AC9-A3DF-40B9-890F-41837186798A}.Release|Any CPU.ActiveCfg = Release|Any CPU
		{99E51AC9-A3DF-40B9-890F-41837186798A}.Release|Any CPU.Build.0 = Release|Any CPU
	EndGlobalSection
	GlobalSection(SolutionProperties) = preSolution
		HideSolutionNode = FALSE
	EndGlobalSection
EndGlobal
